{
  "name": "darksidescripts",
  "lockfileVersion": 2,
  "requires": true,
  "packages": {
    "": {
      "dependencies": {
        "git-last-commit": "^1.0.1"
      }
    },
    "node_modules/git-last-commit": {
      "version": "1.0.1",
      "resolved": "https://registry.npmjs.org/git-last-commit/-/git-last-commit-1.0.1.tgz",
      "integrity": "sha512-FDSgeMqa7GnJDxt/q0AbrxbfeTyxp4ImxEw1e4nw6NUHA5FMhFUq33dTXI4Xdgcj1VQ1q5QLWF6WxFrJ8KCBOg=="
    }
  },
  "dependencies": {
    "git-last-commit": {
      "version": "1.0.1",
      "resolved": "https://registry.npmjs.org/git-last-commit/-/git-last-commit-1.0.1.tgz",
      "integrity": "sha512-FDSgeMqa7GnJDxt/q0AbrxbfeTyxp4ImxEw1e4nw6NUHA5FMhFUq33dTXI4Xdgcj1VQ1q5QLWF6WxFrJ8KCBOg=="
    }
  }
}
